
Microsoft Visual Studio Solution File, Format Version 12.00
# Visual Studio Version 16
VisualStudioVersion = 16.0.29613.14
MinimumVisualStudioVersion = 10.0.40219.1
Project("{9A19103F-16F7-4668-BE54-9A1E7A4F7556}") = "Pianoforte.Solfege.Lang", "Pianoforte.Solfege.Lang\Pianoforte.Solfege.Lang.csproj", "{1F785A73-1A55-4EB0-9C5F-D16C21384FCF}"
EndProject
Project("{2150E333-8FDC-42A3-9474-1A3956D46DE8}") = "Solution Items", "Solution Items", "{D46A0F94-14BF-4011-A409-AFF4BCEE5DB3}"
	ProjectSection(SolutionItems) = preProject
		.editorconfig = .editorconfig
		Examples\Hello.sol = Examples\Hello.sol
	EndProjectSection
EndProject
Project("{9A19103F-16F7-4668-BE54-9A1E7A4F7556}") = "Pianoforte.Solfege.Lang.Test", "Pianoforte.Solfege.Lang.Test\Pianoforte.Solfege.Lang.Test.csproj", "{48BEF656-98C0-418C-B61D-7CF4509BED4F}"
EndProject
Project("{FAE04EC0-301F-11D3-BF4B-00C04F79EFBC}") = "Pianoforte.Solfege.App", "Pianoforte.Solfege.App\Pianoforte.Solfege.App.csproj", "{F68B4491-2A87-4A53-982D-99683231B925}"
EndProject
Global
	GlobalSection(SolutionConfigurationPlatforms) = preSolution
		Debug|Any CPU = Debug|Any CPU
		Release|Any CPU = Release|Any CPU
	EndGlobalSection
	GlobalSection(ProjectConfigurationPlatforms) = postSolution
		{1F785A73-1A55-4EB0-9C5F-D16C21384FCF}.Debug|Any CPU.ActiveCfg = Debug|Any CPU
		{1F785A73-1A55-4EB0-9C5F-D16C21384FCF}.Debug|Any CPU.Build.0 = Debug|Any CPU
		{1F785A73-1A55-4EB0-9C5F-D16C21384FCF}.Release|Any CPU.ActiveCfg = Release|Any CPU
		{1F785A73-1A55-4EB0-9C5F-D16C21384FCF}.Release|Any CPU.Build.0 = Release|Any CPU
		{5A2261E0-DE04-49E7-89CB-B54B404F12D3}.Debug|Any CPU.ActiveCfg = Debug|Any CPU
		{5A2261E0-DE04-49E7-89CB-B54B404F12D3}.Debug|Any CPU.Build.0 = Debug|Any CPU
		{5A2261E0-DE04-49E7-89CB-B54B404F12D3}.Release|Any CPU.ActiveCfg = Release|Any CPU
		{5A2261E0-DE04-49E7-89CB-B54B404F12D3}.Release|Any CPU.Build.0 = Release|Any CPU
		{48BEF656-98C0-418C-B61D-7CF4509BED4F}.Debug|Any CPU.ActiveCfg = Debug|Any CPU
		{48BEF656-98C0-418C-B61D-7CF4509BED4F}.Debug|Any CPU.Build.0 = Debug|Any CPU
		{48BEF656-98C0-418C-B61D-7CF4509BED4F}.Release|Any CPU.ActiveCfg = Release|Any CPU
		{48BEF656-98C0-418C-B61D-7CF4509BED4F}.Release|Any CPU.Build.0 = Release|Any CPU
		{F68B4491-2A87-4A53-982D-99683231B925}.Debug|Any CPU.ActiveCfg = Debug|Any CPU
		{F68B4491-2A87-4A53-982D-99683231B925}.Debug|Any CPU.Build.0 = Debug|Any CPU
		{F68B4491-2A87-4A53-982D-99683231B925}.Release|Any CPU.ActiveCfg = Release|Any CPU
		{F68B4491-2A87-4A53-982D-99683231B925}.Release|Any CPU.Build.0 = Release|Any CPU
	EndGlobalSection
	GlobalSection(SolutionProperties) = preSolution
		HideSolutionNode = FALSE
	EndGlobalSection
	GlobalSection(ExtensibilityGlobals) = postSolution
		SolutionGuid = {75799870-537D-4E06-BE69-DE16E7254470}
	EndGlobalSection
EndGlobal
